
Microsoft Visual Studio Solution File, Format Version 12.00
# Visual Studio Version 17
VisualStudioVersion = 17.14.36203.30 d17.14
MinimumVisualStudioVersion = 10.0.40219.1
Project("{FAE04EC0-301F-11D3-BF4B-00C04F79EFBC}") = "DemoProject", "DemoProject\DemoProject.csproj", "{EEA40274-2F2B-47ED-BC12-2B05042CFE77}"
EndProject
Global
	GlobalSection(SolutionConfigurationPlatforms) = preSolution
		Debug|Any CPU = Debug|Any CPU
		Release|Any CPU = Release|Any CPU
	EndGlobalSection
	GlobalSection(ProjectConfigurationPlatforms) = postSolution
		{EEA40274-2F2B-47ED-BC12-2B05042CFE77}.Debug|Any CPU.ActiveCfg = Debug|Any CPU
		{EEA40274-2F2B-47ED-BC12-2B05042CFE77}.Debug|Any CPU.Build.0 = Debug|Any CPU
		{EEA40274-2F2B-47ED-BC12-2B05042CFE77}.Release|Any CPU.ActiveCfg = Release|Any CPU
		{EEA40274-2F2B-47ED-BC12-2B05042CFE77}.Release|Any CPU.Build.0 = Release|Any CPU
	EndGlobalSection
	GlobalSection(SolutionProperties) = preSolution
		HideSolutionNode = FALSE
	EndGlobalSection
	GlobalSection(ExtensibilityGlobals) = postSolution
		SolutionGuid = {BD1C2A8A-AE7B-42CD-9DD5-001EFA6AD6D9}
	EndGlobalSection
EndGlobal
